{
  "nodes": {
    "darwin": {
      "inputs": {
        "nixpkgs": [
          "nixpkgs"
        ]
      },
      "locked": {
        "lastModified": 1668784520,
        "narHash": "sha256-gGgVAMwYPPmrfnvnoRi6OkEB5KRsNTb9uYzEceLdO/g=",
        "owner": "lnl7",
        "repo": "nix-darwin",
        "rev": "6349b99bc2b96ded34d068a88c7c5ced406b7f7f",
        "type": "github"
      },
      "original": {
        "owner": "lnl7",
        "ref": "master",
        "repo": "nix-darwin",
        "type": "github"
      }
    },
    "home-manager": {
      "inputs": {
        "nixpkgs": [
          "nixpkgs"
        ],
        "utils": "utils"
      },
      "locked": {
        "lastModified": 1670163996,
        "narHash": "sha256-6vbu9Wmh1Ov0VgkWuLAazQ/crzohdZ8jnQp87pDsy7s=",
        "owner": "nix-community",
        "repo": "home-manager",
        "rev": "90b0e5f440160f54cb4f1f08372e1be554e10873",
        "type": "github"
      },
      "original": {
        "owner": "nix-community",
        "repo": "home-manager",
        "type": "github"
      }
    },
    "hyprland": {
      "inputs": {
        "nixpkgs": [
          "nixpkgs"
        ],
        "wlroots": "wlroots"
      },
      "locked": {
        "lastModified": 1670183008,
        "narHash": "sha256-XN6+QacioMAJ+XLD8PVe5A2HRoDMo0L4tPY4OItFfFI=",
        "owner": "vaxerski",
        "repo": "Hyprland",
        "rev": "4557d13a323edf7b51fbdd8b8e60aef469469930",
        "type": "github"
      },
      "original": {
        "owner": "vaxerski",
        "repo": "Hyprland",
        "type": "github"
      }
    },
    "nixpkgs": {
      "locked": {
        "lastModified": 1670064435,
        "narHash": "sha256-+ELoY30UN+Pl3Yn7RWRPabykwebsVK/kYE9JsIsUMxQ=",
        "owner": "nixos",
        "repo": "nixpkgs",
        "rev": "61a8a98e6d557e6dd7ed0cdb54c3a3e3bbc5e25c",
        "type": "github"
      },
      "original": {
        "owner": "nixos",
        "ref": "nixos-unstable",
        "repo": "nixpkgs",
        "type": "github"
      }
    },
    "root": {
      "inputs": {
        "darwin": "darwin",
        "home-manager": "home-manager",
        "hyprland": "hyprland",
        "nixpkgs": "nixpkgs"
      }
    },
    "utils": {
      "locked": {
        "lastModified": 1667395993,
        "narHash": "sha256-nuEHfE/LcWyuSWnS8t12N1wc105Qtau+/OdUAjtQ0rA=",
        "owner": "numtide",
        "repo": "flake-utils",
        "rev": "5aed5285a952e0b949eb3ba02c12fa4fcfef535f",
        "type": "github"
      },
      "original": {
        "owner": "numtide",
        "repo": "flake-utils",
        "type": "github"
      }
    },
    "wlroots": {
      "flake": false,
      "locked": {
        "host": "gitlab.freedesktop.org",
        "lastModified": 1669925104,
        "narHash": "sha256-xMHfW+/G9MieN/5tXHUA5/ztE8dkE093cNFTEUgcwxI=",
        "owner": "wlroots",
        "repo": "wlroots",
        "rev": "c8eb24d30e18c165728b8788a10716611c3b633d",
        "type": "gitlab"
      },
      "original": {
        "host": "gitlab.freedesktop.org",
        "owner": "wlroots",
        "repo": "wlroots",
        "type": "gitlab"
      }
    }
  },
  "root": "root",
  "version": 7
}
